{"filter":false,"title":"Gemfile.lock","tooltip":"/Gemfile.lock","undoManager":{"mark":-1,"position":-1,"stack":[]},"ace":{"folds":[],"scrolltop":894,"scrollleft":0,"selection":{"start":{"row":71,"column":4},"end":{"row":71,"column":8},"isBackwards":false},"options":{"guessTabSize":true,"useWrapMode":false,"wrapToView":true},"firstLineState":{"row":62,"state":"start","mode":"ace/mode/text"}},"timestamp":1425135137127,"hash":"2532e63ce0ff842bff63ce790eff6573d2ba9ae9"}